
Microsoft Visual Studio Solution File, Format Version 12.00
# Visual Studio Version 17
VisualStudioVersion = 17.11.35005.142
MinimumVisualStudioVersion = 10.0.40219.1
Project("{FAE04EC0-301F-11D3-BF4B-00C04F79EFBC}") = "DotNet8WebApi.SmsPohExample", "DotNet8WebApi.SmsPohExample\DotNet8WebApi.SmsPohExample.csproj", "{28F0AFC7-B582-4052-B70C-AA953DACBECE}"
EndProject
Global
	GlobalSection(SolutionConfigurationPlatforms) = preSolution
		Debug|Any CPU = Debug|Any CPU
		Release|Any CPU = Release|Any CPU
	EndGlobalSection
	GlobalSection(ProjectConfigurationPlatforms) = postSolution
		{28F0AFC7-B582-4052-B70C-AA953DACBECE}.Debug|Any CPU.ActiveCfg = Debug|Any CPU
		{28F0AFC7-B582-4052-B70C-AA953DACBECE}.Debug|Any CPU.Build.0 = Debug|Any CPU
		{28F0AFC7-B582-4052-B70C-AA953DACBECE}.Release|Any CPU.ActiveCfg = Release|Any CPU
		{28F0AFC7-B582-4052-B70C-AA953DACBECE}.Release|Any CPU.Build.0 = Release|Any CPU
	EndGlobalSection
	GlobalSection(SolutionProperties) = preSolution
		HideSolutionNode = FALSE
	EndGlobalSection
	GlobalSection(ExtensibilityGlobals) = postSolution
		SolutionGuid = {5C81577D-BF62-4767-82D9-1DCBD92037C1}
	EndGlobalSection
EndGlobal
